
Microsoft Visual Studio Solution File, Format Version 11.00
# Visual Studio 2010
# SharpDevelop 5.1
Project("{FAE04EC0-301F-11D3-BF4B-00C04F79EFBC}") = "DotNetTraktV2", "DotNetTraktV2\DotNetTraktV2.csproj", "{D99401D8-A5F7-4754-BAF9-6C9D4B01008F}"
EndProject
Global
	GlobalSection(SolutionConfigurationPlatforms) = preSolution
		Debug|Any CPU = Debug|Any CPU
		Release|Any CPU = Release|Any CPU
	EndGlobalSection
	GlobalSection(ProjectConfigurationPlatforms) = postSolution
		{D99401D8-A5F7-4754-BAF9-6C9D4B01008F}.Debug|Any CPU.ActiveCfg = Debug|Any CPU
		{D99401D8-A5F7-4754-BAF9-6C9D4B01008F}.Debug|Any CPU.Build.0 = Debug|Any CPU
		{D99401D8-A5F7-4754-BAF9-6C9D4B01008F}.Release|Any CPU.ActiveCfg = Release|Any CPU
		{D99401D8-A5F7-4754-BAF9-6C9D4B01008F}.Release|Any CPU.Build.0 = Release|Any CPU
	EndGlobalSection
EndGlobal
